{
  "name": "app-devops",
  "lockfileVersion": 2,
  "requires": true,
  "packages": {
    "": {
      "dependencies": {
        "vue-sidebar-menu": "^5.7.0"
      }
    },
    "node_modules/vue-sidebar-menu": {
      "version": "5.7.0",
      "resolved": "https://registry.npmjs.org/vue-sidebar-menu/-/vue-sidebar-menu-5.7.0.tgz",
      "integrity": "sha512-0ZUN9JOQ78GKL1ee9hbbcHjw6GtOrR+iY41SnE5RTgC2I8YtQ9pWNeZRyuCfhlHzuYwO5nRv/ohczqBsq4Y/cw==",
      "license": "MIT"
    }
  },
  "dependencies": {
    "vue-sidebar-menu": {
      "version": "5.7.0",
      "resolved": "https://registry.npmjs.org/vue-sidebar-menu/-/vue-sidebar-menu-5.7.0.tgz",
      "integrity": "sha512-0ZUN9JOQ78GKL1ee9hbbcHjw6GtOrR+iY41SnE5RTgC2I8YtQ9pWNeZRyuCfhlHzuYwO5nRv/ohczqBsq4Y/cw=="
    }
  }
}
